{
  "version": 4,
  "terraform_version": "1.0.10",
  "serial": 99,
  "lineage": "d9f7c1fb-0bd6-30cc-f41e-5e5487c982db",
  "outputs": {},
  "resources": [
    {
      "mode": "managed",
      "type": "azurerm_kubernetes_cluster",
      "name": "erget",
      "provider": "provider[\"registry.terraform.io/hashicorp/azurerm\"]",
      "instances": [
        {
          "schema_version": 0,
          "attributes": {
            "addon_profile": [
              {
                "aci_connector_linux": [
                  {
                    "enabled": false,
                    "subnet_name": ""
                  }
                ],
                "azure_policy": [
                  {
                    "enabled": false
                  }
                ],
                "http_application_routing": [
                  {
                    "enabled": false,
                    "http_application_routing_zone_name": ""
                  }
                ],
                "ingress_application_gateway": [
                  {
                    "effective_gateway_id": "",
                    "enabled": false,
                    "gateway_id": "",
                    "gateway_name": "",
                    "ingress_application_gateway_identity": [],
                    "subnet_cidr": "",
                    "subnet_id": ""
                  }
                ],
                "kube_dashboard": [
                  {
                    "enabled": false
                  }
                ],
                "oms_agent": [
                  {
                    "enabled": false,
                    "log_analytics_workspace_id": "",
                    "oms_agent_identity": []
                  }
                ],
                "open_service_mesh": [
                  {
                    "enabled": false
                  }
                ]
              }
            ],
            "api_server_authorized_ip_ranges": [],
            "auto_scaler_profile": [],
            "automatic_channel_upgrade": "",
            "default_node_pool": [
              {
                "availability_zones": [],
                "enable_auto_scaling": false,
                "enable_host_encryption": false,
                "enable_node_public_ip": false,
                "fips_enabled": false,
                "kubelet_config": [],
                "kubelet_disk_type": "OS",
                "linux_os_config": [],
                "max_count": 0,
                "max_pods": 110,
                "min_count": 0,
                "name": "ergi",
                "node_count": 2,
                "node_labels": {},
                "node_public_ip_prefix_id": "",
                "node_taints": [],
                "only_critical_addons_enabled": false,
                "orchestrator_version": "1.20.9",
                "os_disk_size_gb": 30,
                "os_disk_type": "Managed",
                "os_sku": "Ubuntu",
                "pod_subnet_id": "",
                "proximity_placement_group_id": "",
                "tags": {},
                "type": "VirtualMachineScaleSets",
                "ultra_ssd_enabled": false,
                "upgrade_settings": [],
                "vm_size": "Standard_D2_v2",
                "vnet_subnet_id": ""
              }
            ],
            "disk_encryption_set_id": "",
            "dns_prefix": "ergetaks",
            "dns_prefix_private_cluster": "",
            "enable_pod_security_policy": false,
            "fqdn": "ergetaks-5afae4fa.hcp.eastus.azmk8s.io",
            "id": "/subscriptions/d76100e8-9e78-401e-83b2-4ab9965307f7/resourcegroups/erget/providers/Microsoft.ContainerService/managedClusters/knowing-eel-aks",
            "identity": [
              {
                "principal_id": "579e542f-c29b-4c09-aa2f-732be8a496a4",
                "tenant_id": "9652a4de-f25f-42a6-a292-528088ab4dc9",
                "type": "SystemAssigned",
                "user_assigned_identity_id": ""
              }
            ],
            "kube_admin_config": [],
            "kube_admin_config_raw": "",
            "kube_config": [
              {
                "client_certificate": "LS0tLS1CRUdJTiBDRVJUSUZJQ0FURS0tLS0tCk1JSUZIakNDQXdhZ0F3SUJBZ0lSQU1mR0FoYm55T3JTS2hpdU1JNkNtQVV3RFFZSktvWklodmNOQVFFTEJRQXcKRFRFTE1Ba0dBMVVFQXhNQ1kyRXdIaGNOTWpFeE1USXdNakV5T0RJNFdoY05Nak14TVRJd01qRXpPREk0V2pBdwpNUmN3RlFZRFZRUUtFdzV6ZVhOMFpXMDZiV0Z6ZEdWeWN6RVZNQk1HQTFVRUF4TU1iV0Z6ZEdWeVkyeHBaVzUwCk1JSUNJakFOQmdrcWhraUc5dzBCQVFFRkFBT0NBZzhBTUlJQ0NnS0NBZ0VBcWU4TTk0OThFRjE0Y05waDQ3cjUKenBIeVY5QzkvOWF2eTlnelZVTkRTZ3lxQTlZWmM4VCsrMVFqRzA1alZpR0ladWZLdzhjZk54NDZJVlVBMnNwUwpIdXpIZlQwSlJ1c2hDbGhIZ3UzalFnMFRFMmR1R0RYRCtyM1gyS2xnL1hmL1ZUUExMVXV5YXVjK2Z2RUh6a3ZZCjhQcHdQKzZheW9adTVobjJKNnA4bE1qS1ZYWHhGa1BaZTJITVRwRUtjUW1rbnpxTEE4V0dTQVE4K2lwY1Zta3QKNG03bHdMTDc5bitmT0UraC9OMjV1N2dJSFZPbUp5bkVJWjZSOG1KSTRjeG56dzJTSFdlMk9JSjQ2eHJhUGRRdQpMcG8rcm53QncwK0FqeStzYU5pYkRFOElmQ0pUbmJsd3lpamlKS3FaL3FLSllyNTkwR1puUnlVS0F1VENpYU1lCjkxbHkzbXlVTCtKUTFjaHFxUkRQNXpqOHE5S0F3dFVsbmIrOTdEVmtnYkdXT1JuNjBlV0F4eHF3QWdITS9lMDIKR0RPOTZ3RG1JSGxFVVJnV0NoeW5ETW81MGp2dng4dFFuaSt6L1RUdDhzRVZWbWdWT2VzckVVbVFubVgyNUJ2QgpRRmozUSt1Mjd2KzRVQ28wakhlYmh6Q2JmeFhSNkZVNWErVExLb1RodFc4SldDNVJOZVpWN1A1N1JZVjd4OGhzCm5mMW50UlI1QVZ3UVYwRFYyeDljaUxnNFlMZ3ZwYlpwSUxnV2xJdDlJY015N1pFdldiUGZUN1hvUERabG80K3QKazBLMzY1QjlleVFIUHg4a05yRXBoVTRIWDAvNGh3ck1VU21Kemp0MVRvK2RHMlE2L29ydEhZRHJQdFNjWEQ1YwpqVEFQMVVMZ2MwTEdiTkI2OXpqM3hYa0NBd0VBQWFOV01GUXdEZ1lEVlIwUEFRSC9CQVFEQWdXZ01CTUdBMVVkCkpRUU1NQW9HQ0NzR0FRVUZCd01DTUF3R0ExVWRFd0VCL3dRQ01BQXdId1lEVlIwakJCZ3dGb0FVV2oveVM0emgKeDdPRjhQeDFwb3prRFo3ODFRZ3dEUVlKS29aSWh2Y05BUUVMQlFBRGdnSUJBSitLZ0M4aDc4K0RzeUhQVXFweQorU2Exb1RNb0IrTktqQW1DYTY0UW1wS2FaNEFvNEVsT2FwN2FsOVpSb2M5Z3lqTE9YeDdnUDMvWmZFVUlYN01yClVocWRReE9hSTcxbkxlVmU4YXZuKzdYbTFLTGVVVDYzWm9VYWxWMDE2MlRuT3MzNEVLMUtESy9wVUVnelkvMVkKc01UL2V4aUZNbWlCakNiUUFFRkk0SCtxeTNnMGlaeTRrUUM0UEN5NW96RnI1U1AvaGptQUh2RVorbFppSHI1Lwp4bzJqRk9Yb0g3aHlXSm9LMFpwK0U1aWpieVMrYnF4L1lvNU9EM0M3TTdmbnhpMi82OTdwSDM2ZStHbEhybXpVCjJCSjhzczBxc0o1dGQrdGpzY1Y0bWxCYmNtUnI4NGY5bm1OV3Q4ZEZIMmlxclQ2TlVMaTVvWEVmbVZCdlh6V1AKZmdRM3pRSHl4Y1FrZkJOdWMvZUpMQ3lkVkRVUUc5dzNzRVlTeGVWMllKSTloNFZBRytWQWVZSy9UT2hNditjbgorazlSS0MrbkZja2l6VGVUN1ZEQ21va24xY3FWQ0h0MkU5WmYvSnFpRWplV3NvM0JIWG5GMXM0bzFkK1RWMi8vClVUczBmbkxFWVNNQjdDNDFIQWZjeEprbVp5c1U3T29rclpCdTJWb3FVM2swTi91c0dDbjdQTVdxL2d5U3VqZncKUyt0TmlnR3djb2kxcG5IekdUR3dUVVdXcVBMWVFDQTBwdXpZaE0xV1cvT0pxN3pmMjBFTVBIcjlrOHZIU0h3OAorZkJlTjlNQnFzOWhRd002WUFPTDhsdFBpczBzYVByZmxhbyt6b0o3dUJvQk1wejQwNmVRa0pOalN0TGJwbFhqClF4OG8wNk5saEphV1ltTWxpL1FqNjZBdgotLS0tLUVORCBDRVJUSUZJQ0FURS0tLS0tCg==",
                "client_key": "LS0tLS1CRUdJTiBSU0EgUFJJVkFURSBLRVktLS0tLQpNSUlKS1FJQkFBS0NBZ0VBcWU4TTk0OThFRjE0Y05waDQ3cjV6cEh5VjlDOS85YXZ5OWd6VlVORFNneXFBOVlaCmM4VCsrMVFqRzA1alZpR0ladWZLdzhjZk54NDZJVlVBMnNwU0h1ekhmVDBKUnVzaENsaEhndTNqUWcwVEUyZHUKR0RYRCtyM1gyS2xnL1hmL1ZUUExMVXV5YXVjK2Z2RUh6a3ZZOFBwd1ArNmF5b1p1NWhuMko2cDhsTWpLVlhYeApGa1BaZTJITVRwRUtjUW1rbnpxTEE4V0dTQVE4K2lwY1Zta3Q0bTdsd0xMNzluK2ZPRStoL04yNXU3Z0lIVk9tCkp5bkVJWjZSOG1KSTRjeG56dzJTSFdlMk9JSjQ2eHJhUGRRdUxwbytybndCdzArQWp5K3NhTmliREU4SWZDSlQKbmJsd3lpamlKS3FaL3FLSllyNTkwR1puUnlVS0F1VENpYU1lOTFseTNteVVMK0pRMWNocXFSRFA1emo4cTlLQQp3dFVsbmIrOTdEVmtnYkdXT1JuNjBlV0F4eHF3QWdITS9lMDJHRE85NndEbUlIbEVVUmdXQ2h5bkRNbzUwanZ2Cng4dFFuaSt6L1RUdDhzRVZWbWdWT2VzckVVbVFubVgyNUJ2QlFGajNRK3UyN3YrNFVDbzBqSGViaHpDYmZ4WFIKNkZVNWErVExLb1RodFc4SldDNVJOZVpWN1A1N1JZVjd4OGhzbmYxbnRSUjVBVndRVjBEVjJ4OWNpTGc0WUxndgpwYlpwSUxnV2xJdDlJY015N1pFdldiUGZUN1hvUERabG80K3RrMEszNjVCOWV5UUhQeDhrTnJFcGhVNEhYMC80Cmh3ck1VU21Kemp0MVRvK2RHMlE2L29ydEhZRHJQdFNjWEQ1Y2pUQVAxVUxnYzBMR2JOQjY5emozeFhrQ0F3RUEKQVFLQ0FnQTFVa0VyWE9aODdCZGlzZU9OWlpvRTYxNnpsMWhHOHNKdW9BUmJlS09nbEtDMFczWFpFYk5BZ1lJUwppMkk0SUlXQVpMTUhBM0FVQjNRT0NYSWZOT1RYdDB4UlM5bWhXeDRlOU54YmhQR09SRFA4SHJRNC9JWG1JN09hCjFHc09uWnlNeTVleE90TmRIL3BJTXJGVVZoQlliUHpUMHJiWFhaOW1yRGJFODRYcjJhVkRjNktXYmV2TC96L3cKVnlxRGxaY0dMNFIzUm4rQUVYUmd1dklHV3pKK25uV1JKWmhTSEhHRlpkZGFWT2gyc3FRNUw0b3ZON2ZISk01KwowOEF5dWNUSS8yVWR2UEU4Z2hRWEVYSHhmS2FSRU8waUt0OFN2ZHVGRWx4eSthU05GQytCWS9RQXhiTlNlOG1aCjM3NDZYQjNuMGdZQVltRjl2VzJLd3VVWDh3cy81dkZyWnpzSGhFd2tuSGoyaEk5ZFdDTHI4eUpGc2RwdVkxakQKamJVSWNMcE96bGJYK2doeXRkVk5KaHVxMlpOL2V5NmwrS29nMXVHZHZXN3V2MWVodlVYZURTbGdoeXdCeG1HdQpFay9INFdGd2xiVGFzMFZNNVk5dFVBQlVRY2NDUGJHb1Q4ZEx3SkpGbVdoYW1yVlllUTJXYUljakpKcFlOSVdCCmN2eTBMMXdEWTNvekVxbkY2YnZGWjZURndEbmRNaDN4anZ6TXliUXVGZ3dBeDdSVkhSaVBZcjZYQ1dMZUN3eVkKMHk3N2lCWUFWRFJnWXlmRTVRKzhHZHhaVldzajVMWEtVTDN6WWZRcHBIU3N4V1M1ckFoR3IwMEQvb2Q2c2Y5bgpOS0VIT3o5Q3cwQkxHYldkZ3UyTk14SFR1TzJFSHVwQk9scmNkc1VESnE5VEdYZm9FUUtDQVFFQTFQUGkrem5sCmtUVEJOenhWRTBQV0NrcW5WVE9ScnN1LzErV0crQ0JTUWNqb1ZqSWJJYUhyV2FuK1FFalh4TXVGQ2hHeWZFYnAKZHNSaTd5dmdKd05LN0dwR2h3OUxROTZIMWxKeDcvdkxMNTNaK094ZDRIQXB3eGV0VkVFVnR5a3dFS2dWa0QrawpaZ2I5aVkycUQyckFrbmJsUEwzL0JWZDFPZitYdnM0azdaZEpnRmZZWllOUHk4MWVBMVNMT05ZV290M28zM0o2CjZrTmdTaUhROEhKV21qdC9hUXA4TUdPRExCSy9rVzBFS1d3cGdpdzFjdytDWHVuNWRVTmxqUjN6RjNPdEhmRkMKZjJZT09tQXVIZzJYS2hSeWlzemZrTWRLQnZqV2ZuaUlIMElHaEUyUGJVcnQxQlNpdEFDSkNWT2JiSDMvRUdEKwoxTS96dU5XTUdMNU5Cd0tDQVFFQXpFajVjVjlKRkkveG1sTGtCOVRZUmFYZHhjYkliWUh6Qy9VdzdFcUlUTnhvCnp0NHlaYWJVTk5rcFR5ekxuUnU4S1Q5ejFWYnhTSHRrSTBlSFdSb2J2STFUWms1cUdRcXpFNUw4VGtqU1dtME4KNWZSUjZDdjlEUjI2MlVWcCtuMEdOd2dNT3JTTHlOKzBsRzE0UVEwN1crT1RES1dlTEdqWnBuM1JUNktqVStGRQpVT0xUYUtsR3dqZ3lxRkhMYVprLzhtQlNaU1lNZHFzbjcxdDN2TkdpNHdKQWh2M05KeFpuV0dUSkxZM2RySzRECkgxWWt6b2RNZ2dKSG5WTXpsS2ZvMzJnYjZFKzN4ZGxkbWo0UlVCMThURUpkZHBpM043OS9iRlprbDJPQmF5VmcKYnZQZzB3ZlVQazJyZ2F3NURoUkk1ckluQWhoa2JML1N1bjlOY0E4NWZ3S0NBUUFNVDlGbXJ2RTcxTzM2MEkwbQpvUHhsK2V6MHV4ZUlJSldGMk9wVnZDQ2xWd1Uvdm9QZERPeDdjWjJXZjkraHJCYVQvM1B2UlhaSC9KQ3Z2VHluClpNUlhLTW5ORXpCSnl6clZSRXo4RC9XdVdoVDVGRWxWS1lid2xaVGEweXg3TzNGZzlTYlNBU3Z6RGlKb2FuMVQKaU50N1hFNWlsYVdCM0kyVmZkWjdISlg3K293d1ZHUFpjcDhSYkYwc0doNDJlZ0l6Qmx0cFY4Z05kVG5DNzNPUwpBenBJam5vT1M2SGtka3htSnV0V2NCUVdoUDlkWEVyMnpRVy9rUTF3SHlabTR6MWp0TGRrak1kSWNGRVFSUEZGCm9ZbUUwRXZUQklkRWFwRTRGL2ptdFBkQnYySjdFYlRpSDd2aVVCTWNEdy9kTHkxRU40Q2dwTXIyNk5MeGM3ODIKeXdIUEFvSUJBUUN0UkUvZDZ2V3ZMUSs4MXdWMTV2K3d3eWhBOFlOWjdsaFpFaFAydHBpNHFGRjA5RjFHZnFPSwpWNDZFQ3ZpQVB0L3ZGRlNJNUg4dC9RcElLZ2tRZCthQ25GUGFlRFBoSFlRWjNCZUh4cGd6L2o5RmhWNWJUOFFICjllbGZFMUw2RkVUTE5GWTdESnRyT3VLTTZmU1BLRXZxZWpGbERxd0Qrc0p3UmxMYitwUVJOd1djbldhMlpLMFIKV2wwTkNxTSs0NjZyUXl0ZmcxQWE3cnltZGF3dlNKZWhkMjJIa1lrSjJDUzdnbkJuNU9YWjZwWFhaRmMvbk40MQpmdjJDNE9qazh5Mi9IeXhjZEJEcERKNHBqdTljUmtZQTRHRXBrQW9HakxQbERibXY5Y1AxUHZSMTV3QVB2Wm8xClplZEx5dWx4bVo3am5NTWRNZGNycmQ5c00wRlpCSEM5QW9JQkFRQ2xaS3pyemh6RUFqS0hXSncvOGN3YTg5Sy8KNzkyWkVEbzdEV0I3Y3pNV3VZL2dINXdzbkJtUm80cHNpYWV1ZmtDNWgxb2I0S1dwUnloQ0MzY08rY1puY3ZZVAoxREVWY1pnclBiMFZrN0g1K2UwUGFNWlhXNlpmNTdpU2plYlVnaXBsUzZpRmVZZ3VDV3J6UDQ5aFZDcjJacnhyCjlYbjkweFQzcThITGZaelBaMkV0Ky9KS2Y1cFh6a2dIZXZLTVJpM3NDSjNwVTc5dDF3VnRnRkVPaTRrN3hjYUkKM2VRc2pGQkwrL1MrMng2dTMwSU9pQ3hEZklIZlArRW5haVhCSmFCZDViOUg0TlA0dnFqVjFjdUJtc042L3d6aQpVNVNuYmhZOE5XbXpQbkZjMlk0NVo1KzIyQ3ZQS3lzc1prQUdhUVh3TVVNeXg5blIxcjQ3Z2IzdlVxWUUKLS0tLS1FTkQgUlNBIFBSSVZBVEUgS0VZLS0tLS0K",
                "cluster_ca_certificate": "LS0tLS1CRUdJTiBDRVJUSUZJQ0FURS0tLS0tCk1JSUU2RENDQXRDZ0F3SUJBZ0lRQXJmTkFCejcvMFNqbUxQTFNmbVpDekFOQmdrcWhraUc5dzBCQVFzRkFEQU4KTVFzd0NRWURWUVFERXdKallUQWdGdzB5TVRFeE1qQXlNVEk0TWpoYUdBOHlNRFV4TVRFeU1ESXhNemd5T0ZvdwpEVEVMTUFrR0ExVUVBeE1DWTJFd2dnSWlNQTBHQ1NxR1NJYjNEUUVCQVFVQUE0SUNEd0F3Z2dJS0FvSUNBUURLClg4Z1BJSWNRenlpaDVQdVdKNjEvNVZOaWVDeFd1UFZ5VWg5dnJxL2h5aTY5VWhVMVdSN3M1TXo0N29FV2pJOGcKTEJTVTV5TXlnQlpjYUNkVUo3UnBSZURmTU1vZ2pkSkhBcjZkclcvcjA4OWdXbi9hYUNLM1ozZUxZbGJFblM2Ugp6OVB4UUUxWUFIWWN1cUtwZ3pPOUZ1M3FVN2FQUENlNFRIT0tTbXZNMDEvU2xXaDQxMFVYUjNwaytQSE1hVkprCnhsYTI4ZmN3REVvQjV5WE1WN3lmU3AzSUpJSXdnUmpsMW9GTlBjd0pWTExPeUZzcDF0RjIvQi8vZFJMQ2drT0cKQXR3RUJ5clZOc2FqYnMwL0JnU0J1U1dyVlVaNFBWYnlzdk1FWVEwMXZFOWNaUzhtaFZEUUdsK2J1cWt1anhKaAo3alhPYXkrRy9OLzZkV1RRNFFyeHZjL2NiU1lyb0RybVdFTk9PNFpzZVdhalJIRmN6dmNkeHRvVWlNU3ZxK1RJCkNVQkllWU5mY05BRU5IM0M2QlRKcmtCeWxZQ3VSY3d2MUo0Zy95cVZwcU1iYTFPbzB5ZU80cjJHcHgrRXZkakkKL01vOXRiTVdHdVZvbmdUUyttNUhsUU9XVlN1QW1xOVM3bCtmT0luWjFlN0FIZTYxNEVrM1RYYkI1bzVMUGtMTQo1TDlDVTNqNmlnaWJXMHRDTTZGVk8zQmN5M2lDRVBFWXZUYVluSUhhWFRqMHZYL2VhdXFpOUtxem1vMS8wTlRNCnMrcmQrQ0xDWDcxN2ljTFJGVUxEeDBBWHlpQXA0VzBFVVhnR3dWejRzY2pKam9ta3p3TkpkY2w3T25uR1l5a2MKaWhxM1ZhcVlzeVNraFFXUkJvQ3h1d0ZFWm0wL2RDUzJuMkdEdmg2VE13SURBUUFCbzBJd1FEQU9CZ05WSFE4QgpBZjhFQkFNQ0FxUXdEd1lEVlIwVEFRSC9CQVV3QXdFQi96QWRCZ05WSFE0RUZnUVVXai95UzR6aHg3T0Y4UHgxCnBvemtEWjc4MVFnd0RRWUpLb1pJaHZjTkFRRUxCUUFEZ2dJQkFHU3FOdzdJUXc4STB5S2JZSXhjb2p0NEFnTW8KUWx4SHBqZUt0K1JON2lybDFQeTRUUmZYeldabTRYVnQyUEdyWTFBTTNXcWRtZkFsM01LVDNqc0U2YVFKZXR6Mwo3MVFPbDZkTnBmSEZEWnNCVzZSNUIxYWU4RlcvSUlUVFJFUStkRzZDN05na0g5WXdFWGJQeGJLYTVueHBRdkF1CkRVeDJ4OHZLcFM2R01KTHkyUE9sS3ZKQm5HNUVsZnJzeFlMdVE0bS80SWxTOFdvdVROYmtTQ3Rhd1VPVFJiMDIKcUsrSGs4QU5pZmNXaGlwS3R2L0tLSWNkcUpld3lldDY5TGRqeCtMa284RGJDdVR3azl0Sk5vWEM4RjNHQkFnbgpIM1NqRzVOSzA1NXV3UVJpUFNVR3paWmJVdUo5RkJmSUcvMDR1azM0UVdJSjVJVXdnTzd0Nk4zc2FHei9RNnZNCnRtamkwSXNnZHMrU2s3VGhVb2RFeDZGM1EwUjJHWlhMTGZCVXNvTUdFWXdSZmhLcVZEa1FhKzF4SWxOK1BRWlQKaVdJZjNZQUwvdUdNQzlTbGdZZ1lVLzBIK21oYzlOZnFYZ054QjAzMTB0SzRLMjJvMkJ1VlMrQUViSEwvUWJIRApvQUk2ZFpoK1ozZzgrbmtKbk1MSzY2Y09kRHpGSUUvT0J3QmQvSWdmUUlPLzZRNHpOUWlva2tOaDRpT2FvRWdlCmowZG1PaitHenFGOW1lVmp6QWZiYUhBMlk2OUlCUTlDbTI1Rm9ua1ZIVGpUN205Qk5HY1BKTGdROU84cUdTaTcKc2kwY0M5NFZvZkI2NGJ4ZW9MSklsc3Q2L1NkblNhcEllaVJTUVhITWg2Wk1qT1ozQndMYmlOMHBzYmdBUkV4egpWVmFDTWVqVWFoMVRidE1xCi0tLS0tRU5EIENFUlRJRklDQVRFLS0tLS0K",
                "host": "https://ergetaks-5afae4fa.hcp.eastus.azmk8s.io:443",
                "password": "9c8f70ace53fa0e9f0cd7bce1ead5bbbf337e1957d9bc3fb3799c821f7820e40f94d420d156d14a2b5078ceb989064e120b69e2aec8aaf8b097d82f39f3882fa",
                "username": "clusterUser_erget_knowing-eel-aks"
              }
            ],
            "kube_config_raw": "apiVersion: v1\nclusters:\n- cluster:\n    certificate-authority-data: LS0tLS1CRUdJTiBDRVJUSUZJQ0FURS0tLS0tCk1JSUU2RENDQXRDZ0F3SUJBZ0lRQXJmTkFCejcvMFNqbUxQTFNmbVpDekFOQmdrcWhraUc5dzBCQVFzRkFEQU4KTVFzd0NRWURWUVFERXdKallUQWdGdzB5TVRFeE1qQXlNVEk0TWpoYUdBOHlNRFV4TVRFeU1ESXhNemd5T0ZvdwpEVEVMTUFrR0ExVUVBeE1DWTJFd2dnSWlNQTBHQ1NxR1NJYjNEUUVCQVFVQUE0SUNEd0F3Z2dJS0FvSUNBUURLClg4Z1BJSWNRenlpaDVQdVdKNjEvNVZOaWVDeFd1UFZ5VWg5dnJxL2h5aTY5VWhVMVdSN3M1TXo0N29FV2pJOGcKTEJTVTV5TXlnQlpjYUNkVUo3UnBSZURmTU1vZ2pkSkhBcjZkclcvcjA4OWdXbi9hYUNLM1ozZUxZbGJFblM2Ugp6OVB4UUUxWUFIWWN1cUtwZ3pPOUZ1M3FVN2FQUENlNFRIT0tTbXZNMDEvU2xXaDQxMFVYUjNwaytQSE1hVkprCnhsYTI4ZmN3REVvQjV5WE1WN3lmU3AzSUpJSXdnUmpsMW9GTlBjd0pWTExPeUZzcDF0RjIvQi8vZFJMQ2drT0cKQXR3RUJ5clZOc2FqYnMwL0JnU0J1U1dyVlVaNFBWYnlzdk1FWVEwMXZFOWNaUzhtaFZEUUdsK2J1cWt1anhKaAo3alhPYXkrRy9OLzZkV1RRNFFyeHZjL2NiU1lyb0RybVdFTk9PNFpzZVdhalJIRmN6dmNkeHRvVWlNU3ZxK1RJCkNVQkllWU5mY05BRU5IM0M2QlRKcmtCeWxZQ3VSY3d2MUo0Zy95cVZwcU1iYTFPbzB5ZU80cjJHcHgrRXZkakkKL01vOXRiTVdHdVZvbmdUUyttNUhsUU9XVlN1QW1xOVM3bCtmT0luWjFlN0FIZTYxNEVrM1RYYkI1bzVMUGtMTQo1TDlDVTNqNmlnaWJXMHRDTTZGVk8zQmN5M2lDRVBFWXZUYVluSUhhWFRqMHZYL2VhdXFpOUtxem1vMS8wTlRNCnMrcmQrQ0xDWDcxN2ljTFJGVUxEeDBBWHlpQXA0VzBFVVhnR3dWejRzY2pKam9ta3p3TkpkY2w3T25uR1l5a2MKaWhxM1ZhcVlzeVNraFFXUkJvQ3h1d0ZFWm0wL2RDUzJuMkdEdmg2VE13SURBUUFCbzBJd1FEQU9CZ05WSFE4QgpBZjhFQkFNQ0FxUXdEd1lEVlIwVEFRSC9CQVV3QXdFQi96QWRCZ05WSFE0RUZnUVVXai95UzR6aHg3T0Y4UHgxCnBvemtEWjc4MVFnd0RRWUpLb1pJaHZjTkFRRUxCUUFEZ2dJQkFHU3FOdzdJUXc4STB5S2JZSXhjb2p0NEFnTW8KUWx4SHBqZUt0K1JON2lybDFQeTRUUmZYeldabTRYVnQyUEdyWTFBTTNXcWRtZkFsM01LVDNqc0U2YVFKZXR6Mwo3MVFPbDZkTnBmSEZEWnNCVzZSNUIxYWU4RlcvSUlUVFJFUStkRzZDN05na0g5WXdFWGJQeGJLYTVueHBRdkF1CkRVeDJ4OHZLcFM2R01KTHkyUE9sS3ZKQm5HNUVsZnJzeFlMdVE0bS80SWxTOFdvdVROYmtTQ3Rhd1VPVFJiMDIKcUsrSGs4QU5pZmNXaGlwS3R2L0tLSWNkcUpld3lldDY5TGRqeCtMa284RGJDdVR3azl0Sk5vWEM4RjNHQkFnbgpIM1NqRzVOSzA1NXV3UVJpUFNVR3paWmJVdUo5RkJmSUcvMDR1azM0UVdJSjVJVXdnTzd0Nk4zc2FHei9RNnZNCnRtamkwSXNnZHMrU2s3VGhVb2RFeDZGM1EwUjJHWlhMTGZCVXNvTUdFWXdSZmhLcVZEa1FhKzF4SWxOK1BRWlQKaVdJZjNZQUwvdUdNQzlTbGdZZ1lVLzBIK21oYzlOZnFYZ054QjAzMTB0SzRLMjJvMkJ1VlMrQUViSEwvUWJIRApvQUk2ZFpoK1ozZzgrbmtKbk1MSzY2Y09kRHpGSUUvT0J3QmQvSWdmUUlPLzZRNHpOUWlva2tOaDRpT2FvRWdlCmowZG1PaitHenFGOW1lVmp6QWZiYUhBMlk2OUlCUTlDbTI1Rm9ua1ZIVGpUN205Qk5HY1BKTGdROU84cUdTaTcKc2kwY0M5NFZvZkI2NGJ4ZW9MSklsc3Q2L1NkblNhcEllaVJTUVhITWg2Wk1qT1ozQndMYmlOMHBzYmdBUkV4egpWVmFDTWVqVWFoMVRidE1xCi0tLS0tRU5EIENFUlRJRklDQVRFLS0tLS0K\n    server: https://ergetaks-5afae4fa.hcp.eastus.azmk8s.io:443\n  name: knowing-eel-aks\ncontexts:\n- context:\n    cluster: knowing-eel-aks\n    user: clusterUser_erget_knowing-eel-aks\n  name: knowing-eel-aks\ncurrent-context: knowing-eel-aks\nkind: Config\npreferences: {}\nusers:\n- name: clusterUser_erget_knowing-eel-aks\n  user:\n    client-certificate-data: LS0tLS1CRUdJTiBDRVJUSUZJQ0FURS0tLS0tCk1JSUZIakNDQXdhZ0F3SUJBZ0lSQU1mR0FoYm55T3JTS2hpdU1JNkNtQVV3RFFZSktvWklodmNOQVFFTEJRQXcKRFRFTE1Ba0dBMVVFQXhNQ1kyRXdIaGNOTWpFeE1USXdNakV5T0RJNFdoY05Nak14TVRJd01qRXpPREk0V2pBdwpNUmN3RlFZRFZRUUtFdzV6ZVhOMFpXMDZiV0Z6ZEdWeWN6RVZNQk1HQTFVRUF4TU1iV0Z6ZEdWeVkyeHBaVzUwCk1JSUNJakFOQmdrcWhraUc5dzBCQVFFRkFBT0NBZzhBTUlJQ0NnS0NBZ0VBcWU4TTk0OThFRjE0Y05waDQ3cjUKenBIeVY5QzkvOWF2eTlnelZVTkRTZ3lxQTlZWmM4VCsrMVFqRzA1alZpR0ladWZLdzhjZk54NDZJVlVBMnNwUwpIdXpIZlQwSlJ1c2hDbGhIZ3UzalFnMFRFMmR1R0RYRCtyM1gyS2xnL1hmL1ZUUExMVXV5YXVjK2Z2RUh6a3ZZCjhQcHdQKzZheW9adTVobjJKNnA4bE1qS1ZYWHhGa1BaZTJITVRwRUtjUW1rbnpxTEE4V0dTQVE4K2lwY1Zta3QKNG03bHdMTDc5bitmT0UraC9OMjV1N2dJSFZPbUp5bkVJWjZSOG1KSTRjeG56dzJTSFdlMk9JSjQ2eHJhUGRRdQpMcG8rcm53QncwK0FqeStzYU5pYkRFOElmQ0pUbmJsd3lpamlKS3FaL3FLSllyNTkwR1puUnlVS0F1VENpYU1lCjkxbHkzbXlVTCtKUTFjaHFxUkRQNXpqOHE5S0F3dFVsbmIrOTdEVmtnYkdXT1JuNjBlV0F4eHF3QWdITS9lMDIKR0RPOTZ3RG1JSGxFVVJnV0NoeW5ETW81MGp2dng4dFFuaSt6L1RUdDhzRVZWbWdWT2VzckVVbVFubVgyNUJ2QgpRRmozUSt1Mjd2KzRVQ28wakhlYmh6Q2JmeFhSNkZVNWErVExLb1RodFc4SldDNVJOZVpWN1A1N1JZVjd4OGhzCm5mMW50UlI1QVZ3UVYwRFYyeDljaUxnNFlMZ3ZwYlpwSUxnV2xJdDlJY015N1pFdldiUGZUN1hvUERabG80K3QKazBLMzY1QjlleVFIUHg4a05yRXBoVTRIWDAvNGh3ck1VU21Kemp0MVRvK2RHMlE2L29ydEhZRHJQdFNjWEQ1YwpqVEFQMVVMZ2MwTEdiTkI2OXpqM3hYa0NBd0VBQWFOV01GUXdEZ1lEVlIwUEFRSC9CQVFEQWdXZ01CTUdBMVVkCkpRUU1NQW9HQ0NzR0FRVUZCd01DTUF3R0ExVWRFd0VCL3dRQ01BQXdId1lEVlIwakJCZ3dGb0FVV2oveVM0emgKeDdPRjhQeDFwb3prRFo3ODFRZ3dEUVlKS29aSWh2Y05BUUVMQlFBRGdnSUJBSitLZ0M4aDc4K0RzeUhQVXFweQorU2Exb1RNb0IrTktqQW1DYTY0UW1wS2FaNEFvNEVsT2FwN2FsOVpSb2M5Z3lqTE9YeDdnUDMvWmZFVUlYN01yClVocWRReE9hSTcxbkxlVmU4YXZuKzdYbTFLTGVVVDYzWm9VYWxWMDE2MlRuT3MzNEVLMUtESy9wVUVnelkvMVkKc01UL2V4aUZNbWlCakNiUUFFRkk0SCtxeTNnMGlaeTRrUUM0UEN5NW96RnI1U1AvaGptQUh2RVorbFppSHI1Lwp4bzJqRk9Yb0g3aHlXSm9LMFpwK0U1aWpieVMrYnF4L1lvNU9EM0M3TTdmbnhpMi82OTdwSDM2ZStHbEhybXpVCjJCSjhzczBxc0o1dGQrdGpzY1Y0bWxCYmNtUnI4NGY5bm1OV3Q4ZEZIMmlxclQ2TlVMaTVvWEVmbVZCdlh6V1AKZmdRM3pRSHl4Y1FrZkJOdWMvZUpMQ3lkVkRVUUc5dzNzRVlTeGVWMllKSTloNFZBRytWQWVZSy9UT2hNditjbgorazlSS0MrbkZja2l6VGVUN1ZEQ21va24xY3FWQ0h0MkU5WmYvSnFpRWplV3NvM0JIWG5GMXM0bzFkK1RWMi8vClVUczBmbkxFWVNNQjdDNDFIQWZjeEprbVp5c1U3T29rclpCdTJWb3FVM2swTi91c0dDbjdQTVdxL2d5U3VqZncKUyt0TmlnR3djb2kxcG5IekdUR3dUVVdXcVBMWVFDQTBwdXpZaE0xV1cvT0pxN3pmMjBFTVBIcjlrOHZIU0h3OAorZkJlTjlNQnFzOWhRd002WUFPTDhsdFBpczBzYVByZmxhbyt6b0o3dUJvQk1wejQwNmVRa0pOalN0TGJwbFhqClF4OG8wNk5saEphV1ltTWxpL1FqNjZBdgotLS0tLUVORCBDRVJUSUZJQ0FURS0tLS0tCg==\n    client-key-data: LS0tLS1CRUdJTiBSU0EgUFJJVkFURSBLRVktLS0tLQpNSUlKS1FJQkFBS0NBZ0VBcWU4TTk0OThFRjE0Y05waDQ3cjV6cEh5VjlDOS85YXZ5OWd6VlVORFNneXFBOVlaCmM4VCsrMVFqRzA1alZpR0ladWZLdzhjZk54NDZJVlVBMnNwU0h1ekhmVDBKUnVzaENsaEhndTNqUWcwVEUyZHUKR0RYRCtyM1gyS2xnL1hmL1ZUUExMVXV5YXVjK2Z2RUh6a3ZZOFBwd1ArNmF5b1p1NWhuMko2cDhsTWpLVlhYeApGa1BaZTJITVRwRUtjUW1rbnpxTEE4V0dTQVE4K2lwY1Zta3Q0bTdsd0xMNzluK2ZPRStoL04yNXU3Z0lIVk9tCkp5bkVJWjZSOG1KSTRjeG56dzJTSFdlMk9JSjQ2eHJhUGRRdUxwbytybndCdzArQWp5K3NhTmliREU4SWZDSlQKbmJsd3lpamlKS3FaL3FLSllyNTkwR1puUnlVS0F1VENpYU1lOTFseTNteVVMK0pRMWNocXFSRFA1emo4cTlLQQp3dFVsbmIrOTdEVmtnYkdXT1JuNjBlV0F4eHF3QWdITS9lMDJHRE85NndEbUlIbEVVUmdXQ2h5bkRNbzUwanZ2Cng4dFFuaSt6L1RUdDhzRVZWbWdWT2VzckVVbVFubVgyNUJ2QlFGajNRK3UyN3YrNFVDbzBqSGViaHpDYmZ4WFIKNkZVNWErVExLb1RodFc4SldDNVJOZVpWN1A1N1JZVjd4OGhzbmYxbnRSUjVBVndRVjBEVjJ4OWNpTGc0WUxndgpwYlpwSUxnV2xJdDlJY015N1pFdldiUGZUN1hvUERabG80K3RrMEszNjVCOWV5UUhQeDhrTnJFcGhVNEhYMC80Cmh3ck1VU21Kemp0MVRvK2RHMlE2L29ydEhZRHJQdFNjWEQ1Y2pUQVAxVUxnYzBMR2JOQjY5emozeFhrQ0F3RUEKQVFLQ0FnQTFVa0VyWE9aODdCZGlzZU9OWlpvRTYxNnpsMWhHOHNKdW9BUmJlS09nbEtDMFczWFpFYk5BZ1lJUwppMkk0SUlXQVpMTUhBM0FVQjNRT0NYSWZOT1RYdDB4UlM5bWhXeDRlOU54YmhQR09SRFA4SHJRNC9JWG1JN09hCjFHc09uWnlNeTVleE90TmRIL3BJTXJGVVZoQlliUHpUMHJiWFhaOW1yRGJFODRYcjJhVkRjNktXYmV2TC96L3cKVnlxRGxaY0dMNFIzUm4rQUVYUmd1dklHV3pKK25uV1JKWmhTSEhHRlpkZGFWT2gyc3FRNUw0b3ZON2ZISk01KwowOEF5dWNUSS8yVWR2UEU4Z2hRWEVYSHhmS2FSRU8waUt0OFN2ZHVGRWx4eSthU05GQytCWS9RQXhiTlNlOG1aCjM3NDZYQjNuMGdZQVltRjl2VzJLd3VVWDh3cy81dkZyWnpzSGhFd2tuSGoyaEk5ZFdDTHI4eUpGc2RwdVkxakQKamJVSWNMcE96bGJYK2doeXRkVk5KaHVxMlpOL2V5NmwrS29nMXVHZHZXN3V2MWVodlVYZURTbGdoeXdCeG1HdQpFay9INFdGd2xiVGFzMFZNNVk5dFVBQlVRY2NDUGJHb1Q4ZEx3SkpGbVdoYW1yVlllUTJXYUljakpKcFlOSVdCCmN2eTBMMXdEWTNvekVxbkY2YnZGWjZURndEbmRNaDN4anZ6TXliUXVGZ3dBeDdSVkhSaVBZcjZYQ1dMZUN3eVkKMHk3N2lCWUFWRFJnWXlmRTVRKzhHZHhaVldzajVMWEtVTDN6WWZRcHBIU3N4V1M1ckFoR3IwMEQvb2Q2c2Y5bgpOS0VIT3o5Q3cwQkxHYldkZ3UyTk14SFR1TzJFSHVwQk9scmNkc1VESnE5VEdYZm9FUUtDQVFFQTFQUGkrem5sCmtUVEJOenhWRTBQV0NrcW5WVE9ScnN1LzErV0crQ0JTUWNqb1ZqSWJJYUhyV2FuK1FFalh4TXVGQ2hHeWZFYnAKZHNSaTd5dmdKd05LN0dwR2h3OUxROTZIMWxKeDcvdkxMNTNaK094ZDRIQXB3eGV0VkVFVnR5a3dFS2dWa0QrawpaZ2I5aVkycUQyckFrbmJsUEwzL0JWZDFPZitYdnM0azdaZEpnRmZZWllOUHk4MWVBMVNMT05ZV290M28zM0o2CjZrTmdTaUhROEhKV21qdC9hUXA4TUdPRExCSy9rVzBFS1d3cGdpdzFjdytDWHVuNWRVTmxqUjN6RjNPdEhmRkMKZjJZT09tQXVIZzJYS2hSeWlzemZrTWRLQnZqV2ZuaUlIMElHaEUyUGJVcnQxQlNpdEFDSkNWT2JiSDMvRUdEKwoxTS96dU5XTUdMNU5Cd0tDQVFFQXpFajVjVjlKRkkveG1sTGtCOVRZUmFYZHhjYkliWUh6Qy9VdzdFcUlUTnhvCnp0NHlaYWJVTk5rcFR5ekxuUnU4S1Q5ejFWYnhTSHRrSTBlSFdSb2J2STFUWms1cUdRcXpFNUw4VGtqU1dtME4KNWZSUjZDdjlEUjI2MlVWcCtuMEdOd2dNT3JTTHlOKzBsRzE0UVEwN1crT1RES1dlTEdqWnBuM1JUNktqVStGRQpVT0xUYUtsR3dqZ3lxRkhMYVprLzhtQlNaU1lNZHFzbjcxdDN2TkdpNHdKQWh2M05KeFpuV0dUSkxZM2RySzRECkgxWWt6b2RNZ2dKSG5WTXpsS2ZvMzJnYjZFKzN4ZGxkbWo0UlVCMThURUpkZHBpM043OS9iRlprbDJPQmF5VmcKYnZQZzB3ZlVQazJyZ2F3NURoUkk1ckluQWhoa2JML1N1bjlOY0E4NWZ3S0NBUUFNVDlGbXJ2RTcxTzM2MEkwbQpvUHhsK2V6MHV4ZUlJSldGMk9wVnZDQ2xWd1Uvdm9QZERPeDdjWjJXZjkraHJCYVQvM1B2UlhaSC9KQ3Z2VHluClpNUlhLTW5ORXpCSnl6clZSRXo4RC9XdVdoVDVGRWxWS1lid2xaVGEweXg3TzNGZzlTYlNBU3Z6RGlKb2FuMVQKaU50N1hFNWlsYVdCM0kyVmZkWjdISlg3K293d1ZHUFpjcDhSYkYwc0doNDJlZ0l6Qmx0cFY4Z05kVG5DNzNPUwpBenBJam5vT1M2SGtka3htSnV0V2NCUVdoUDlkWEVyMnpRVy9rUTF3SHlabTR6MWp0TGRrak1kSWNGRVFSUEZGCm9ZbUUwRXZUQklkRWFwRTRGL2ptdFBkQnYySjdFYlRpSDd2aVVCTWNEdy9kTHkxRU40Q2dwTXIyNk5MeGM3ODIKeXdIUEFvSUJBUUN0UkUvZDZ2V3ZMUSs4MXdWMTV2K3d3eWhBOFlOWjdsaFpFaFAydHBpNHFGRjA5RjFHZnFPSwpWNDZFQ3ZpQVB0L3ZGRlNJNUg4dC9RcElLZ2tRZCthQ25GUGFlRFBoSFlRWjNCZUh4cGd6L2o5RmhWNWJUOFFICjllbGZFMUw2RkVUTE5GWTdESnRyT3VLTTZmU1BLRXZxZWpGbERxd0Qrc0p3UmxMYitwUVJOd1djbldhMlpLMFIKV2wwTkNxTSs0NjZyUXl0ZmcxQWE3cnltZGF3dlNKZWhkMjJIa1lrSjJDUzdnbkJuNU9YWjZwWFhaRmMvbk40MQpmdjJDNE9qazh5Mi9IeXhjZEJEcERKNHBqdTljUmtZQTRHRXBrQW9HakxQbERibXY5Y1AxUHZSMTV3QVB2Wm8xClplZEx5dWx4bVo3am5NTWRNZGNycmQ5c00wRlpCSEM5QW9JQkFRQ2xaS3pyemh6RUFqS0hXSncvOGN3YTg5Sy8KNzkyWkVEbzdEV0I3Y3pNV3VZL2dINXdzbkJtUm80cHNpYWV1ZmtDNWgxb2I0S1dwUnloQ0MzY08rY1puY3ZZVAoxREVWY1pnclBiMFZrN0g1K2UwUGFNWlhXNlpmNTdpU2plYlVnaXBsUzZpRmVZZ3VDV3J6UDQ5aFZDcjJacnhyCjlYbjkweFQzcThITGZaelBaMkV0Ky9KS2Y1cFh6a2dIZXZLTVJpM3NDSjNwVTc5dDF3VnRnRkVPaTRrN3hjYUkKM2VRc2pGQkwrL1MrMng2dTMwSU9pQ3hEZklIZlArRW5haVhCSmFCZDViOUg0TlA0dnFqVjFjdUJtc042L3d6aQpVNVNuYmhZOE5XbXpQbkZjMlk0NVo1KzIyQ3ZQS3lzc1prQUdhUVh3TVVNeXg5blIxcjQ3Z2IzdlVxWUUKLS0tLS1FTkQgUlNBIFBSSVZBVEUgS0VZLS0tLS0K\n    token: 9c8f70ace53fa0e9f0cd7bce1ead5bbbf337e1957d9bc3fb3799c821f7820e40f94d420d156d14a2b5078ceb989064e120b69e2aec8aaf8b097d82f39f3882fa\n",
            "kubelet_identity": [
              {
                "client_id": "ad529920-b71a-4d8f-82ad-32b6916103e9",
                "object_id": "0b3fdb0f-0441-4a7a-a300-629b328f03fc",
                "user_assigned_identity_id": "/subscriptions/d76100e8-9e78-401e-83b2-4ab9965307f7/resourceGroups/MC_erget_knowing-eel-aks_eastus/providers/Microsoft.ManagedIdentity/userAssignedIdentities/knowing-eel-aks-agentpool"
              }
            ],
            "kubernetes_version": "1.20.9",
            "linux_profile": [],
            "local_account_disabled": false,
            "location": "eastus",
            "maintenance_window": [],
            "name": "knowing-eel-aks",
            "network_profile": [
              {
                "dns_service_ip": "10.0.0.10",
                "docker_bridge_cidr": "172.17.0.1/16",
                "load_balancer_profile": [
                  {
                    "effective_outbound_ips": [
                      "/subscriptions/d76100e8-9e78-401e-83b2-4ab9965307f7/resourceGroups/MC_erget_knowing-eel-aks_eastus/providers/Microsoft.Network/publicIPAddresses/dcf1a69e-443c-4a32-8474-bbc924f23d23"
                    ],
                    "idle_timeout_in_minutes": 0,
                    "managed_outbound_ip_count": 1,
                    "outbound_ip_address_ids": [],
                    "outbound_ip_prefix_ids": [],
                    "outbound_ports_allocated": 0
                  }
                ],
                "load_balancer_sku": "Standard",
                "nat_gateway_profile": [],
                "network_mode": "",
                "network_plugin": "kubenet",
                "network_policy": "",
                "outbound_type": "loadBalancer",
                "pod_cidr": "10.244.0.0/16",
                "service_cidr": "10.0.0.0/16"
              }
            ],
            "node_resource_group": "MC_erget_knowing-eel-aks_eastus",
            "portal_fqdn": "ergetaks-5afae4fa.portal.hcp.eastus.azmk8s.io",
            "private_cluster_enabled": false,
            "private_cluster_public_fqdn_enabled": false,
            "private_dns_zone_id": "",
            "private_fqdn": "",
            "private_link_enabled": false,
            "resource_group_name": "erget",
            "role_based_access_control": [
              {
                "azure_active_directory": [],
                "enabled": true
              }
            ],
            "service_principal": [],
            "sku_tier": "Free",
            "tags": {
              "environment": "AKS"
            },
            "timeouts": null,
            "windows_profile": []
          },
          "sensitive_attributes": [],
          "private": "eyJlMmJmYjczMC1lY2FhLTExZTYtOGY4OC0zNDM2M2JjN2M0YzAiOnsiY3JlYXRlIjo1NDAwMDAwMDAwMDAwLCJkZWxldGUiOjU0MDAwMDAwMDAwMDAsInJlYWQiOjMwMDAwMDAwMDAwMCwidXBkYXRlIjo1NDAwMDAwMDAwMDAwfX0=",
          "dependencies": [
            "random_pet.prefix",
            "azurerm_resource_group.erget"
          ]
        }
      ]
    },
    {
      "mode": "managed",
      "type": "azurerm_resource_group",
      "name": "erget",
      "provider": "provider[\"registry.terraform.io/hashicorp/azurerm\"]",
      "instances": [
        {
          "schema_version": 0,
          "attributes": {
            "id": "/subscriptions/d76100e8-9e78-401e-83b2-4ab9965307f7/resourceGroups/erget",
            "location": "eastus",
            "name": "erget",
            "tags": {},
            "timeouts": null
          },
          "sensitive_attributes": [],
          "private": "eyJlMmJmYjczMC1lY2FhLTExZTYtOGY4OC0zNDM2M2JjN2M0YzAiOnsiY3JlYXRlIjo1NDAwMDAwMDAwMDAwLCJkZWxldGUiOjU0MDAwMDAwMDAwMDAsInJlYWQiOjMwMDAwMDAwMDAwMCwidXBkYXRlIjo1NDAwMDAwMDAwMDAwfX0="
        }
      ]
    },
    {
      "mode": "managed",
      "type": "helm_release",
      "name": "ingress_nginx",
      "provider": "provider[\"registry.terraform.io/hashicorp/helm\"]",
      "instances": [
        {
          "schema_version": 0,
          "attributes": {
            "atomic": false,
            "chart": "ingress-nginx",
            "cleanup_on_fail": false,
            "create_namespace": false,
            "dependency_update": false,
            "description": null,
            "devel": null,
            "disable_crd_hooks": false,
            "disable_openapi_validation": false,
            "disable_webhooks": false,
            "force_update": false,
            "id": "ingress-nginx",
            "keyring": null,
            "lint": false,
            "manifest": null,
            "max_history": 0,
            "metadata": [
              {
                "app_version": "1.0.5",
                "chart": "ingress-nginx",
                "name": "ingress-nginx",
                "namespace": "testenv",
                "revision": 1,
                "values": "null",
                "version": "4.0.9"
              }
            ],
            "name": "ingress-nginx",
            "namespace": "testenv",
            "postrender": [],
            "recreate_pods": false,
            "render_subchart_notes": true,
            "replace": false,
            "repository": "https://kubernetes.github.io/ingress-nginx",
            "repository_ca_file": null,
            "repository_cert_file": null,
            "repository_key_file": null,
            "repository_password": null,
            "repository_username": null,
            "reset_values": false,
            "reuse_values": false,
            "set": [],
            "set_sensitive": [],
            "skip_crds": false,
            "status": "deployed",
            "timeout": 300,
            "values": null,
            "verify": false,
            "version": "4.0.9",
            "wait": true,
            "wait_for_jobs": false
          },
          "sensitive_attributes": [],
          "private": "bnVsbA=="
        }
      ]
    },
    {
      "mode": "managed",
      "type": "kubernetes_deployment",
      "name": "backend",
      "provider": "provider[\"registry.terraform.io/hashicorp/kubernetes\"]",
      "instances": [
        {
          "schema_version": 1,
          "attributes": {
            "id": "testenv/quiz-backend-update",
            "metadata": [
              {
                "annotations": {},
                "generate_name": "",
                "generation": 1,
                "labels": {},
                "name": "quiz-backend-update",
                "namespace": "testenv",
                "resource_version": "6240",
                "uid": "ac82f15f-bd6c-4e78-95c9-ef79dac2cbe0"
              }
            ],
            "spec": [
              {
                "min_ready_seconds": 0,
                "paused": false,
                "progress_deadline_seconds": 600,
                "replicas": "2",
                "revision_history_limit": 10,
                "selector": [
                  {
                    "match_expressions": [],
                    "match_labels": {
                      "app": "quiz-backend-update"
                    }
                  }
                ],
                "strategy": [
                  {
                    "rolling_update": [
                      {
                        "max_surge": "25%",
                        "max_unavailable": "25%"
                      }
                    ],
                    "type": "RollingUpdate"
                  }
                ],
                "template": [
                  {
                    "metadata": [
                      {
                        "annotations": {},
                        "generate_name": "",
                        "generation": 0,
                        "labels": {
                          "app": "quiz-backend-update"
                        },
                        "name": "",
                        "namespace": "",
                        "resource_version": "",
                        "uid": ""
                      }
                    ],
                    "spec": [
                      {
                        "active_deadline_seconds": 0,
                        "affinity": [],
                        "automount_service_account_token": true,
                        "container": [
                          {
                            "args": [],
                            "command": [],
                            "env": [],
                            "env_from": [],
                            "image": "kontetsu/backend-update:v1",
                            "image_pull_policy": "Always",
                            "lifecycle": [],
                            "liveness_probe": [],
                            "name": "quiz-backend-update",
                            "port": [
                              {
                                "container_port": 8080,
                                "host_ip": "",
                                "host_port": 0,
                                "name": "http",
                                "protocol": "TCP"
                              }
                            ],
                            "readiness_probe": [],
                            "resources": [
                              {
                                "limits": null,
                                "requests": null
                              }
                            ],
                            "security_context": [],
                            "startup_probe": [],
                            "stdin": false,
                            "stdin_once": false,
                            "termination_message_path": "/dev/termination-log",
                            "termination_message_policy": "File",
                            "tty": false,
                            "volume_mount": [],
                            "working_dir": ""
                          }
                        ],
                        "dns_config": [],
                        "dns_policy": "ClusterFirst",
                        "enable_service_links": true,
                        "host_aliases": [],
                        "host_ipc": false,
                        "host_network": false,
                        "host_pid": false,
                        "hostname": "",
                        "image_pull_secrets": [],
                        "init_container": [],
                        "node_name": "",
                        "node_selector": {},
                        "priority_class_name": "",
                        "readiness_gate": [],
                        "restart_policy": "Always",
                        "security_context": [],
                        "service_account_name": "",
                        "share_process_namespace": false,
                        "subdomain": "",
                        "termination_grace_period_seconds": 30,
                        "toleration": [],
                        "topology_spread_constraint": [],
                        "volume": []
                      }
                    ]
                  }
                ]
              }
            ],
            "timeouts": null,
            "wait_for_rollout": true
          },
          "sensitive_attributes": [],
          "private": "eyJlMmJmYjczMC1lY2FhLTExZTYtOGY4OC0zNDM2M2JjN2M0YzAiOnsiY3JlYXRlIjo2MDAwMDAwMDAwMDAsImRlbGV0ZSI6NjAwMDAwMDAwMDAwLCJ1cGRhdGUiOjYwMDAwMDAwMDAwMH0sInNjaGVtYV92ZXJzaW9uIjoiMSJ9"
        }
      ]
    },
    {
      "mode": "managed",
      "type": "kubernetes_deployment",
      "name": "frontend",
      "provider": "provider[\"registry.terraform.io/hashicorp/kubernetes\"]",
      "instances": [
        {
          "schema_version": 1,
          "attributes": {
            "id": "testenv/frontend",
            "metadata": [
              {
                "annotations": {},
                "generate_name": "",
                "generation": 1,
                "labels": {},
                "name": "frontend",
                "namespace": "testenv",
                "resource_version": "6245",
                "uid": "81b5fe69-dce1-4754-a892-a6a6d141fd79"
              }
            ],
            "spec": [
              {
                "min_ready_seconds": 0,
                "paused": false,
                "progress_deadline_seconds": 600,
                "replicas": "2",
                "revision_history_limit": 10,
                "selector": [
                  {
                    "match_expressions": [],
                    "match_labels": {
                      "app": "frontend"
                    }
                  }
                ],
                "strategy": [
                  {
                    "rolling_update": [
                      {
                        "max_surge": "25%",
                        "max_unavailable": "25%"
                      }
                    ],
                    "type": "RollingUpdate"
                  }
                ],
                "template": [
                  {
                    "metadata": [
                      {
                        "annotations": {},
                        "generate_name": "",
                        "generation": 0,
                        "labels": {
                          "app": "frontend"
                        },
                        "name": "",
                        "namespace": "",
                        "resource_version": "",
                        "uid": ""
                      }
                    ],
                    "spec": [
                      {
                        "active_deadline_seconds": 0,
                        "affinity": [],
                        "automount_service_account_token": true,
                        "container": [
                          {
                            "args": [],
                            "command": [],
                            "env": [],
                            "env_from": [],
                            "image": "kontetsu/frontend-update:v1",
                            "image_pull_policy": "Always",
                            "lifecycle": [],
                            "liveness_probe": [],
                            "name": "frontend",
                            "port": [
                              {
                                "container_port": 80,
                                "host_ip": "",
                                "host_port": 0,
                                "name": "",
                                "protocol": "TCP"
                              }
                            ],
                            "readiness_probe": [],
                            "resources": [
                              {
                                "limits": null,
                                "requests": null
                              }
                            ],
                            "security_context": [],
                            "startup_probe": [],
                            "stdin": false,
                            "stdin_once": false,
                            "termination_message_path": "/dev/termination-log",
                            "termination_message_policy": "File",
                            "tty": false,
                            "volume_mount": [],
                            "working_dir": ""
                          }
                        ],
                        "dns_config": [],
                        "dns_policy": "ClusterFirst",
                        "enable_service_links": true,
                        "host_aliases": [],
                        "host_ipc": false,
                        "host_network": false,
                        "host_pid": false,
                        "hostname": "",
                        "image_pull_secrets": [],
                        "init_container": [],
                        "node_name": "",
                        "node_selector": {},
                        "priority_class_name": "",
                        "readiness_gate": [],
                        "restart_policy": "Always",
                        "security_context": [],
                        "service_account_name": "",
                        "share_process_namespace": false,
                        "subdomain": "",
                        "termination_grace_period_seconds": 30,
                        "toleration": [],
                        "topology_spread_constraint": [],
                        "volume": []
                      }
                    ]
                  }
                ]
              }
            ],
            "timeouts": null,
            "wait_for_rollout": true
          },
          "sensitive_attributes": [],
          "private": "eyJlMmJmYjczMC1lY2FhLTExZTYtOGY4OC0zNDM2M2JjN2M0YzAiOnsiY3JlYXRlIjo2MDAwMDAwMDAwMDAsImRlbGV0ZSI6NjAwMDAwMDAwMDAwLCJ1cGRhdGUiOjYwMDAwMDAwMDAwMH0sInNjaGVtYV92ZXJzaW9uIjoiMSJ9"
        }
      ]
    },
    {
      "mode": "managed",
      "type": "kubernetes_ingress",
      "name": "ingress",
      "provider": "provider[\"registry.terraform.io/hashicorp/kubernetes\"]",
      "instances": [
        {
          "schema_version": 1,
          "attributes": {
            "id": "testenv/ingress-front-back-update",
            "metadata": [
              {
                "annotations": {
                  "kubernetes.io/ingress.class": "nginx",
                  "nginx.ingress.kubernetes.io/rewrite-target": "/$1",
                  "nginx.ingress.kubernetes.io/ssl-redirect": "false",
                  "nginx.ingress.kubernetes.io/use-regex": "true"
                },
                "generate_name": "",
                "generation": 5,
                "labels": {
                  "app": "ingress-nginx"
                },
                "name": "ingress-front-back-update",
                "namespace": "testenv",
                "resource_version": "17000",
                "uid": "a4593973-bcc4-491b-8880-d19cfbca4224"
              }
            ],
            "spec": [
              {
                "backend": [
                  {
                    "service_name": "frontend",
                    "service_port": "80"
                  }
                ],
                "ingress_class_name": "",
                "rule": [
                  {
                    "host": "",
                    "http": [
                      {
                        "path": [
                          {
                            "backend": [
                              {
                                "service_name": "frontend",
                                "service_port": "80"
                              }
                            ],
                            "path": "/?(.*)"
                          },
                          {
                            "backend": [
                              {
                                "service_name": "quiz-backend-update",
                                "service_port": "8080"
                              }
                            ],
                            "path": "/api/quiz/select?(.*)"
                          }
                        ]
                      }
                    ]
                  }
                ],
                "tls": []
              }
            ],
            "status": [
              {
                "load_balancer": [
                  {
                    "ingress": [
                      {
                        "hostname": "",
                        "ip": "20.121.104.196"
                      }
                    ]
                  }
                ]
              }
            ],
            "wait_for_load_balancer": null
          },
          "sensitive_attributes": [],
          "private": "eyJzY2hlbWFfdmVyc2lvbiI6IjEifQ=="
        }
      ]
    },
    {
      "mode": "managed",
      "type": "kubernetes_namespace",
      "name": "hello-world-namespace",
      "provider": "provider[\"registry.terraform.io/hashicorp/kubernetes\"]",
      "instances": [
        {
          "schema_version": 0,
          "attributes": {
            "id": "hello-world-namespace",
            "metadata": [
              {
                "annotations": {},
                "generate_name": "",
                "generation": 0,
                "labels": {},
                "name": "hello-world-namespace",
                "resource_version": "4635",
                "uid": "f90cabaa-15e7-415a-8e1d-cff5aa5c3031"
              }
            ],
            "timeouts": null
          },
          "sensitive_attributes": [],
          "private": "eyJlMmJmYjczMC1lY2FhLTExZTYtOGY4OC0zNDM2M2JjN2M0YzAiOnsiZGVsZXRlIjozMDAwMDAwMDAwMDB9fQ=="
        }
      ]
    },
    {
      "mode": "managed",
      "type": "kubernetes_namespace",
      "name": "testenv",
      "provider": "provider[\"registry.terraform.io/hashicorp/kubernetes\"]",
      "instances": [
        {
          "schema_version": 0,
          "attributes": {
            "id": "testenv",
            "metadata": [
              {
                "annotations": {},
                "generate_name": "",
                "generation": 0,
                "labels": {},
                "name": "testenv",
                "resource_version": "3708",
                "uid": "1b485d7d-a836-45e5-90fb-74770d9b8315"
              }
            ],
            "timeouts": null
          },
          "sensitive_attributes": [],
          "private": "eyJlMmJmYjczMC1lY2FhLTExZTYtOGY4OC0zNDM2M2JjN2M0YzAiOnsiZGVsZXRlIjozMDAwMDAwMDAwMDB9fQ=="
        }
      ]
    },
    {
      "mode": "managed",
      "type": "kubernetes_service",
      "name": "backendservice",
      "provider": "provider[\"registry.terraform.io/hashicorp/kubernetes\"]",
      "instances": [
        {
          "schema_version": 1,
          "attributes": {
            "id": "testenv/quiz-backend-update",
            "metadata": [
              {
                "annotations": {},
                "generate_name": "",
                "generation": 0,
                "labels": {},
                "name": "quiz-backend-update",
                "namespace": "testenv",
                "resource_version": "6150",
                "uid": "2a816ce5-d7f5-4923-aa99-df9585d3c6d2"
              }
            ],
            "spec": [
              {
                "cluster_ip": "10.0.235.111",
                "external_ips": [],
                "external_name": "",
                "external_traffic_policy": "",
                "health_check_node_port": 0,
                "load_balancer_ip": "",
                "load_balancer_source_ranges": [],
                "port": [
                  {
                    "name": "",
                    "node_port": 0,
                    "port": 8080,
                    "protocol": "TCP",
                    "target_port": "8080"
                  }
                ],
                "publish_not_ready_addresses": false,
                "selector": {
                  "app": "quiz-backend-update"
                },
                "session_affinity": "None",
                "type": "ClusterIP"
              }
            ],
            "status": [
              {
                "load_balancer": [
                  {
                    "ingress": []
                  }
                ]
              }
            ],
            "timeouts": null,
            "wait_for_load_balancer": true
          },
          "sensitive_attributes": [],
          "private": "eyJlMmJmYjczMC1lY2FhLTExZTYtOGY4OC0zNDM2M2JjN2M0YzAiOnsiY3JlYXRlIjo2MDAwMDAwMDAwMDB9LCJzY2hlbWFfdmVyc2lvbiI6IjEifQ=="
        }
      ]
    },
    {
      "mode": "managed",
      "type": "kubernetes_service",
      "name": "frontend",
      "provider": "provider[\"registry.terraform.io/hashicorp/kubernetes\"]",
      "instances": [
        {
          "schema_version": 1,
          "attributes": {
            "id": "testenv/frontend",
            "metadata": [
              {
                "annotations": {},
                "generate_name": "",
                "generation": 0,
                "labels": {},
                "name": "frontend",
                "namespace": "testenv",
                "resource_version": "6141",
                "uid": "3b59117a-7535-4fa6-8d02-09736262b9e4"
              }
            ],
            "spec": [
              {
                "cluster_ip": "10.0.16.211",
                "external_ips": [],
                "external_name": "",
                "external_traffic_policy": "",
                "health_check_node_port": 0,
                "load_balancer_ip": "",
                "load_balancer_source_ranges": [],
                "port": [
                  {
                    "name": "",
                    "node_port": 0,
                    "port": 80,
                    "protocol": "TCP",
                    "target_port": "80"
                  }
                ],
                "publish_not_ready_addresses": false,
                "selector": {
                  "app": "frontend"
                },
                "session_affinity": "None",
                "type": "ClusterIP"
              }
            ],
            "status": [
              {
                "load_balancer": [
                  {
                    "ingress": []
                  }
                ]
              }
            ],
            "timeouts": null,
            "wait_for_load_balancer": true
          },
          "sensitive_attributes": [],
          "private": "eyJlMmJmYjczMC1lY2FhLTExZTYtOGY4OC0zNDM2M2JjN2M0YzAiOnsiY3JlYXRlIjo2MDAwMDAwMDAwMDB9LCJzY2hlbWFfdmVyc2lvbiI6IjEifQ=="
        }
      ]
    },
    {
      "mode": "managed",
      "type": "random_pet",
      "name": "prefix",
      "provider": "provider[\"registry.terraform.io/hashicorp/random\"]",
      "instances": [
        {
          "schema_version": 0,
          "attributes": {
            "id": "knowing-eel",
            "keepers": null,
            "length": 2,
            "prefix": null,
            "separator": "-"
          },
          "sensitive_attributes": [],
          "private": "bnVsbA=="
        }
      ]
    }
  ]
}
